
Microsoft Visual Studio Solution File, Format Version 12.00
# Visual Studio Version 17
VisualStudioVersion = 17.4.33213.308
MinimumVisualStudioVersion = 10.0.40219.1
Project("{FAE04EC0-301F-11D3-BF4B-00C04F79EFBC}") = "Дет2", "Дет2.csproj", "{51DAF925-462D-4388-AF4B-305B6818051A}"
EndProject
Global
	GlobalSection(SolutionConfigurationPlatforms) = preSolution
		Debug|Any CPU = Debug|Any CPU
		Release|Any CPU = Release|Any CPU
	EndGlobalSection
	GlobalSection(ProjectConfigurationPlatforms) = postSolution
		{51DAF925-462D-4388-AF4B-305B6818051A}.Debug|Any CPU.ActiveCfg = Debug|Any CPU
		{51DAF925-462D-4388-AF4B-305B6818051A}.Debug|Any CPU.Build.0 = Debug|Any CPU
		{51DAF925-462D-4388-AF4B-305B6818051A}.Release|Any CPU.ActiveCfg = Release|Any CPU
		{51DAF925-462D-4388-AF4B-305B6818051A}.Release|Any CPU.Build.0 = Release|Any CPU
	EndGlobalSection
	GlobalSection(SolutionProperties) = preSolution
		HideSolutionNode = FALSE
	EndGlobalSection
	GlobalSection(ExtensibilityGlobals) = postSolution
		SolutionGuid = {8141A51A-DF87-4522-8620-784E85DF035A}
	EndGlobalSection
EndGlobal
